// !$*UTF8*$!
{
	archiveVersion = 1;
	classes = {
	};
	objectVersion = 48;
	objects = {

/* Begin PBXBuildFile section */
		5C4C54A21FA8BE0C007E1D0D /* AppDelegate.swift in Sources */ = {isa = PBXBuildFile; fileRef = 5C4C54A11FA8BE0C007E1D0D /* AppDelegate.swift */; };
		5C4C54A41FA8BE0C007E1D0D /* ViewController.swift in Sources */ = {isa = PBXBuildFile; fileRef = 5C4C54A31FA8BE0C007E1D0D /* ViewController.swift */; };
		5C4C54A71FA8BE0C007E1D0D /* Main.storyboard in Resources */ = {isa = PBXBuildFile; fileRef = 5C4C54A51FA8BE0C007E1D0D /* Main.storyboard */; };
		5C4C54A91FA8BE0C007E1D0D /* Assets.xcassets in Resources */ = {isa = PBXBuildFile; fileRef = 5C4C54A81FA8BE0C007E1D0D /* Assets.xcassets */; };
		5C4C54AC1FA8BE0C007E1D0D /* LaunchScreen.storyboard in Resources */ = {isa = PBXBuildFile; fileRef = 5C4C54AA1FA8BE0C007E1D0D /* LaunchScreen.storyboard */; };
/* End PBXBuildFile section */

/* Begin PBXFileReference section */
		5C4C549E1FA8BE0C007E1D0D /* Frist.app */ = {isa = PBXFileReference; explicitFileType = wrapper.application; includeInIndex = 0; path = Frist.app; sourceTree = BUILT_PRODUCTS_DIR; };
		5C4C54A11FA8BE0C007E1D0D /* AppDelegate.swift */ = {isa = PBXFileReference; lastKnownFileType = sourcecode.swift; path = AppDelegate.swift; sourceTree = "<group>"; };
		5C4C54A31FA8BE0C007E1D0D /* ViewController.swift */ = {isa = PBXFileReference; lastKnownFileType = sourcecode.swift; path = ViewController.swift; sourceTree = "<group>"; };
		5C4C54A61FA8BE0C007E1D0D /* Base */ = {isa = PBXFileReference; lastKnownFileType = file.storyboard; name = Base; path = Base.lproj/Main.storyboard; sourceTree = "<group>"; };
		5C4C54A81FA8BE0C007E1D0D /* Assets.xcassets */ = {isa = PBXFileReference; lastKnownFileType = folder.assetcatalog; path = Assets.xcassets; sourceTree = "<group>"; };
		5C4C54AB1FA8BE0C007E1D0D /* Base */ = {isa = PBXFileReference; lastKnownFileType = file.storyboard; name = Base; path = Base.lproj/LaunchScreen.storyboard; sourceTree = "<group>"; };
		5C4C54AD1FA8BE0C007E1D0D /* Info.plist */ = {isa = PBXFileReference; lastKnownFileType = text.plist.xml; path = Info.plist; sourceTree = "<group>"; };
/* End PBXFileReference section */

/* Begin PBXFrameworksBuildPhase section */
		5C4C549B1FA8BE0C007E1D0D /* Frameworks */ = {
			isa = PBXFrameworksBuildPhase;
			buildActionMask = 2147483647;
			files = (
			);
			runOnlyForDeploymentPostprocessing = 0;
		};
/* End PBXFrameworksBuildPhase section */

/* Begin PBXGroup section */
		5C4C54951FA8BE0C007E1D0D = {
			isa = PBXGroup;
			children = (
				5C4C54A01FA8BE0C007E1D0D /* Frist */,
				5C4C549F1FA8BE0C007E1D0D /* Products */,
			);
			sourceTree = "<group>";
		};
		5C4C549F1FA8BE0C007E1D0D /* Products */ = {
			isa = PBXGroup;
			children = (
				5C4C549E1FA8BE0C007E1D0D /* Frist.app */,
			);
			name = Products;
			sourceTree = "<group>";
		};
		5C4C54A01FA8BE0C007E1D0D /* Frist */ = {
			isa = PBXGroup;
			children = (
				5C4C54A11FA8BE0C007E1D0D /* AppDelegate.swift */,
				5C4C54A31FA8BE0C007E1D0D /* ViewController.swift */,
				5C4C54A51FA8BE0C007E1D0D /* Main.storyboard */,
				5C4C54A81FA8BE0C007E1D0D /* Assets.xcassets */,
				5C4C54AA1FA8BE0C007E1D0D /* LaunchScreen.storyboard */,
				5C4C54AD1FA8BE0C007E1D0D /* Info.plist */,
			);
			path = Frist;
			sourceTree = "<group>";
		};
/* End PBXGroup section */

/* Begin PBXNativeTarget section */
		5C4C549D1FA8BE0C007E1D0D /* Frist */ = {
			isa = PBXNativeTarget;
			buildConfigurationList = 5C4C54B01FA8BE0C007E1D0D /* Build configuration list for PBXNativeTarget "Frist" */;
			buildPhases = (
				5C4C549A1FA8BE0C007E1D0D /* Sources */,
				5C4C549B1FA8BE0C007E1D0D /* Frameworks */,
				5C4C549C1FA8BE0C007E1D0D /* Resources */,
			);
			buildRules = (
			);
			dependencies = (
			);
			name = Frist;
			productName = Frist;
			productReference = 5C4C549E1FA8BE0C007E1D0D /* Frist.app */;
			productType = "com.apple.product-type.application";
		};
/* End PBXNativeTarget section */

/* Begin PBXProject section */
		5C4C54961FA8BE0C007E1D0D /* Project object */ = {
			isa = PBXProject;
			attributes = {
				LastSwiftUpdateCheck = 0900;
				LastUpgradeCheck = 0900;
				TargetAttributes = {
					5C4C549D1FA8BE0C007E1D0D = {
						CreatedOnToolsVersion = 9.0.1;
						ProvisioningStyle = Automatic;
					};
				};
			};
			buildConfigurationList = 5C4C54991FA8BE0C007E1D0D /* Build configuration list for PBXProject "Frist" */;
			compatibilityVersion = "Xcode 8.0";
			developmentRegion = en;
			hasScannedForEncodings = 0;
			knownRegions = (
				en,
				Base,
			);
			mainGroup = 5C4C54951FA8BE0C007E1D0D;
			productRefGroup = 5C4C549F1FA8BE0C007E1D0D /* Products */;
			projectDirPath = "";
			projectRoot = "";
			targets = (
				5C4C549D1FA8BE0C007E1D0D /* Frist */,
			);
		};
/* End PBXProject section */

/* Begin PBXResourcesBuildPhase section */
		5C4C549C1FA8BE0C007E1D0D /* Resources */ = {
			isa = PBXResourcesBuildPhase;
			buildActionMask = 2147483647;
			files = (
				5C4C54AC1FA8BE0C007E1D0D /* LaunchScreen.storyboard in Resources */,
				5C4C54A91FA8BE0C007E1D0D /* Assets.xcassets in Resources */,
				5C4C54A71FA8BE0C007E1D0D /* Main.storyboard in Resources */,
			);
			runOnlyForDeploymentPostprocessing = 0;
		};
/* End PBXResourcesBuildPhase section */

/* Begin PBXSourcesBuildPhase section */
		5C4C549A1FA8BE0C007E1D0D /* Sources */ = {
			isa = PBXSourcesBuildPhase;
			buildActionMask = 2147483647;
			files = (
				5C4C54A41FA8BE0C007E1D0D /* ViewController.swift in Sources */,
				5C4C54A21FA8BE0C007E1D0D /* AppDelegate.swift in Sources */,
			);
			runOnlyForDeploymentPostprocessing = 0;
		};
/* End PBXSourcesBuildPhase section */

/* Begin PBXVariantGroup section */
		5C4C54A51FA8BE0C007E1D0D /* Main.storyboard */ = {
			isa = PBXVariantGroup;
			children = (
				5C4C54A61FA8BE0C007E1D0D /* Base */,
			);
			name = Main.storyboard;
			sourceTree = "<group>";
		};
		5C4C54AA1FA8BE0C007E1D0D /* LaunchScreen.storyboard */ = {
			isa = PBXVariantGroup;
			children = (
				5C4C54AB1FA8BE0C007E1D0D /* Base */,
			);
			name = LaunchScreen.storyboard;
			sourceTree = "<group>";
		};
/* End PBXVariantGroup section */

/* Begin XCBuildConfiguration section */
		5C4C54AE1FA8BE0C007E1D0D /* Debug */ = {
			isa = XCBuildConfiguration;
			buildSettings = {
				ALWAYS_SEARCH_USER_PATHS = NO;
				CLANG_ANALYZER_NONNULL = YES;
				CLANG_ANALYZER_NUMBER_OBJECT_CONVERSION = YES_AGGRESSIVE;
				CLANG_CXX_LANGUAGE_STANDARD = "gnu++14";
				CLANG_CXX_LIBRARY = "libc++";
				CLANG_ENABLE_MODULES = YES;
				CLANG_ENABLE_OBJC_ARC = YES;
				CLANG_WARN_BLOCK_CAPTURE_AUTORELEASING = YES;
				CLANG_WARN_BOOL_CONVERSION = YES;
				CLANG_WARN_COMMA = YES;
				CLANG_WARN_CONSTANT_CONVERSION = YES;
				CLANG_WARN_DIRECT_OBJC_ISA_USAGE = YES_ERROR;
				CLANG_WARN_DOCUMENTATION_COMMENTS = YES;
				CLANG_WARN_EMPTY_BODY = YES;
				CLANG_WARN_ENUM_CONVERSION = YES;
				CLANG_WARN_INFINITE_RECURSION = YES;
				CLANG_WARN_INT_CONVERSION = YES;
				CLANG_WARN_NON_LITERAL_NULL_CONVERSION = YES;
				CLANG_WARN_OBJC_LITERAL_CONVERSION = YES;
				CLANG_WARN_OBJC_ROOT_CLASS = YES_ERROR;
				CLANG_WARN_RANGE_LOOP_ANALYSIS = YES;
				CLANG_WARN_STRICT_PROTOTYPES = YES;
				CLANG_WARN_SUSPICIOUS_MOVE = YES;
				CLANG_WARN_UNGUARDED_AVAILABILITY = YES_AGGRESSIVE;
				CLANG_WARN_UNREACHABLE_CODE = YES;
				CLANG_WARN__DUPLICATE_METHOD_MATCH = YES;
				CODE_SIGN_IDENTITY = "iPhone Developer";
				COPY_PHASE_STRIP = NO;
				DEBUG_INFORMATION_FORMAT = dwarf;
				ENABLE_STRICT_OBJC_MSGSEND = YES;
				ENABLE_TESTABILITY = YES;
				GCC_C_LANGUAGE_STANDARD = gnu11;
				GCC_DYNAMIC_NO_PIC = NO;
				GCC_NO_COMMON_BLOCKS = YES;
				GCC_OPTIMIZATION_LEVEL = 0;
				GCC_PREPROCESSOR_DEFINITIONS = (
					"DEBUG=1",
					"$(inherited)",
				);
				GCC_WARN_64_TO_32_BIT_CONVERSION = YES;
				GCC_WARN_ABOUT_RETURN_TYPE = YES_ERROR;
				GCC_WARN_UNDECLARED_SELECTOR = YES;
				GCC_WARN_UNINITIALIZED_AUTOS = YES_AGGRESSIVE;
				GCC_WARN_UNUSED_FUNCTION = YES;
				GCC_WARN_UNUSED_VARIABLE = YES;
				IPHONEOS_DEPLOYMENT_TARGET = 11.0;
				MTL_ENABLE_DEBUG_INFO = YES;
				ONLY_ACTIVE_ARCH = YES;
				SDKROOT = iphoneos;
				SWIFT_ACTIVE_COMPILATION_CONDITIONS = DEBUG;
				SWIFT_OPTIMIZATION_LEVEL = "-Onone";
			};
			name = Debug;
		};
		5C4C54AF1FA8BE0C007E1D0D /* Release */ = {
			isa = XCBuildConfiguration;
			buildSettings = {
				ALWAYS_SEARCH_USER_PATHS = NO;
				CLANG_ANALYZER_NONNULL = YES;
				CLANG_ANALYZER_NUMBER_OBJECT_CONVERSION = YES_AGGRESSIVE;
				CLANG_CXX_LANGUAGE_STANDARD = "gnu++14";
				CLANG_CXX_LIBRARY = "libc++";
				CLANG_ENABLE_MODULES = YES;
				CLANG_ENABLE_OBJC_ARC = YES;
				CLANG_WARN_BLOCK_CAPTURE_AUTORELEASING = YES;
				CLANG_WARN_BOOL_CONVERSION = YES;
				CLANG_WARN_COMMA = YES;
				CLANG_WARN_CONSTANT_CONVERSION = YES;
				CLANG_WARN_DIRECT_OBJC_ISA_USAGE = YES_ERROR;
				CLANG_WARN_DOCUMENTATION_COMMENTS = YES;
				CLANG_WARN_EMPTY_BODY = YES;
				CLANG_WARN_ENUM_CONVERSION = YES;
				CLANG_WARN_INFINITE_RECURSION = YES;
				CLANG_WARN_INT_CONVERSION = YES;
				CLANG_WARN_NON_LITERAL_NULL_CONVERSION = YES;
				CLANG_WARN_OBJC_LITERAL_CONVERSION = YES;
				CLANG_WARN_OBJC_ROOT_CLASS = YES_ERROR;
				CLANG_WARN_RANGE_LOOP_ANALYSIS = YES;
				CLANG_WARN_STRICT_PROTOTYPES = YES;
				CLANG_WARN_SUSPICIOUS_MOVE = YES;
				CLANG_WARN_UNGUARDED_AVAILABILITY = YES_AGGRESSIVE;
				CLANG_WARN_UNREACHABLE_CODE = YES;
				CLANG_WARN__DUPLICATE_METHOD_MATCH = YES;
				CODE_SIGN_IDENTITY = "iPhone Developer";
				COPY_PHASE_STRIP = NO;
				DEBUG_INFORMATION_FORMAT = "dwarf-with-dsym";
				ENABLE_NS_ASSERTIONS = NO;
				ENABLE_STRICT_OBJC_MSGSEND = YES;
				GCC_C_LANGUAGE_STANDARD = gnu11;
				GCC_NO_COMMON_BLOCKS = YES;
				GCC_WARN_64_TO_32_BIT_CONVERSION = YES;
				GCC_WARN_ABOUT_RETURN_TYPE = YES_ERROR;
				GCC_WARN_UNDECLARED_SELECTOR = YES;
				GCC_WARN_UNINITIALIZED_AUTOS = YES_AGGRESSIVE;
				GCC_WARN_UNUSED_FUNCTION = YES;
				GCC_WARN_UNUSED_VARIABLE = YES;
				IPHONEOS_DEPLOYMENT_TARGET = 11.0;
				MTL_ENABLE_DEBUG_INFO = NO;
				SDKROOT = iphoneos;
				SWIFT_OPTIMIZATION_LEVEL = "-Owholemodule";
				VALIDATE_PRODUCT = YES;
			};
			name = Release;
		};
		5C4C54B11FA8BE0C007E1D0D /* Debug */ = {
			isa = XCBuildConfiguration;
			buildSettings = {
				ASSETCATALOG_COMPILER_APPICON_NAME = AppIcon;
				CODE_SIGN_STYLE = Automatic;
				INFOPLIST_FILE = Frist/Info.plist;
				LD_RUNPATH_SEARCH_PATHS = "$(inherited) @executable_path/Frameworks";
				PRODUCT_BUNDLE_IDENTIFIER = com.mau.Frist;
				PRODUCT_NAME = "$(TARGET_NAME)";
				SWIFT_VERSION = 4.0;
				TARGETED_DEVICE_FAMILY = 1;
			};
			name = Debug;
		};
		5C4C54B21FA8BE0C007E1D0D /* Release */ = {
			isa = XCBuildConfiguration;
			buildSettings = {
				ASSETCATALOG_COMPILER_APPICON_NAME = AppIcon;
				CODE_SIGN_STYLE = Automatic;
				INFOPLIST_FILE = Frist/Info.plist;
				LD_RUNPATH_SEARCH_PATHS = "$(inherited) @executable_path/Frameworks";
				PRODUCT_BUNDLE_IDENTIFIER = com.mau.Frist;
				PRODUCT_NAME = "$(TARGET_NAME)";
				SWIFT_VERSION = 4.0;
				TARGETED_DEVICE_FAMILY = 1;
			};
			name = Release;
		};
/* End XCBuildConfiguration section */

/* Begin XCConfigurationList section */
		5C4C54991FA8BE0C007E1D0D /* Build configuration list for PBXProject "Frist" */ = {
			isa = XCConfigurationList;
			buildConfigurations = (
				5C4C54AE1FA8BE0C007E1D0D /* Debug */,
				5C4C54AF1FA8BE0C007E1D0D /* Release */,
			);
			defaultConfigurationIsVisible = 0;
			defaultConfigurationName = Release;
		};
		5C4C54B01FA8BE0C007E1D0D /* Build configuration list for PBXNativeTarget "Frist" */ = {
			isa = XCConfigurationList;
			buildConfigurations = (
				5C4C54B11FA8BE0C007E1D0D /* Debug */,
				5C4C54B21FA8BE0C007E1D0D /* Release */,
			);
			defaultConfigurationIsVisible = 0;
			defaultConfigurationName = Release;
		};
/* End XCConfigurationList section */
	};
	rootObject = 5C4C54961FA8BE0C007E1D0D /* Project object */;
}
